
Microsoft Visual Studio Solution File, Format Version 12.00
# Visual Studio Version 17
VisualStudioVersion = 17.1.32210.238
MinimumVisualStudioVersion = 10.0.40219.1
Project("{8BC9CEB8-8B4A-11D0-8D11-00A0C91BC942}") = "SphereRaytracer", "SphereRaytracer.vcxproj", "{543548CD-09F7-4452-9CEC-AFB9F940D535}"
EndProject
Global
	GlobalSection(SolutionConfigurationPlatforms) = preSolution
		Debug|x64 = Debug|x64
		Debug|x86 = Debug|x86
		Release|x64 = Release|x64
		Release|x86 = Release|x86
	EndGlobalSection
	GlobalSection(ProjectConfigurationPlatforms) = postSolution
		{543548CD-09F7-4452-9CEC-AFB9F940D535}.Debug|x64.ActiveCfg = Debug|x64
		{543548CD-09F7-4452-9CEC-AFB9F940D535}.Debug|x64.Build.0 = Debug|x64
		{543548CD-09F7-4452-9CEC-AFB9F940D535}.Debug|x86.ActiveCfg = Debug|Win32
		{543548CD-09F7-4452-9CEC-AFB9F940D535}.Debug|x86.Build.0 = Debug|Win32
		{543548CD-09F7-4452-9CEC-AFB9F940D535}.Release|x64.ActiveCfg = Release|x64
		{543548CD-09F7-4452-9CEC-AFB9F940D535}.Release|x64.Build.0 = Release|x64
		{543548CD-09F7-4452-9CEC-AFB9F940D535}.Release|x86.ActiveCfg = Release|Win32
		{543548CD-09F7-4452-9CEC-AFB9F940D535}.Release|x86.Build.0 = Release|Win32
	EndGlobalSection
	GlobalSection(SolutionProperties) = preSolution
		HideSolutionNode = FALSE
	EndGlobalSection
	GlobalSection(ExtensibilityGlobals) = postSolution
		SolutionGuid = {8B405690-E29F-4AC8-B0EF-1117DB896CF4}
	EndGlobalSection
EndGlobal
